
Microsoft Visual Studio Solution File, Format Version 12.00
# Visual Studio Version 16
VisualStudioVersion = 16.0.33529.622
MinimumVisualStudioVersion = 10.0.40219.1
Project("{FAE04EC0-301F-11D3-BF4B-00C04F79EFBC}") = "Penginderaan Visual Elektronika", "Penginderaan Visual Elektronika\Penginderaan Visual Elektronika.csproj", "{3355E6C4-A4E9-4C3A-A80A-5D7DFE86DB61}"
EndProject
Global
	GlobalSection(SolutionConfigurationPlatforms) = preSolution
		Debug|Any CPU = Debug|Any CPU
		Release|Any CPU = Release|Any CPU
	EndGlobalSection
	GlobalSection(ProjectConfigurationPlatforms) = postSolution
		{3355E6C4-A4E9-4C3A-A80A-5D7DFE86DB61}.Debug|Any CPU.ActiveCfg = Debug|Any CPU
		{3355E6C4-A4E9-4C3A-A80A-5D7DFE86DB61}.Debug|Any CPU.Build.0 = Debug|Any CPU
		{3355E6C4-A4E9-4C3A-A80A-5D7DFE86DB61}.Release|Any CPU.ActiveCfg = Release|Any CPU
		{3355E6C4-A4E9-4C3A-A80A-5D7DFE86DB61}.Release|Any CPU.Build.0 = Release|Any CPU
	EndGlobalSection
	GlobalSection(SolutionProperties) = preSolution
		HideSolutionNode = FALSE
	EndGlobalSection
	GlobalSection(ExtensibilityGlobals) = postSolution
		SolutionGuid = {6F44ACBB-693B-4763-8538-8167758CA436}
	EndGlobalSection
EndGlobal
